// !$*UTF8*$!
{
	archiveVersion = 1;
	classes = {
	};
	objectVersion = 46;
	objects = {

/* Begin PBXBuildFile section */
		320597EE1B55294D0034DF74 /* TrailManager.swift in Sources */ = {isa = PBXBuildFile; fileRef = 320597ED1B55294D0034DF74 /* TrailManager.swift */; };
		320EE56C1B58478600201663 /* ArtefactImage.swift in Sources */ = {isa = PBXBuildFile; fileRef = 320EE56B1B58478600201663 /* ArtefactImage.swift */; };
		3236E63A1B529B8900701D27 /* FMDatabase.m in Sources */ = {isa = PBXBuildFile; fileRef = 3236E6301B529B8900701D27 /* FMDatabase.m */; };
		3236E63B1B529B8900701D27 /* FMDatabaseAdditions.m in Sources */ = {isa = PBXBuildFile; fileRef = 3236E6321B529B8900701D27 /* FMDatabaseAdditions.m */; };
		3236E63C1B529B8900701D27 /* FMDatabasePool.m in Sources */ = {isa = PBXBuildFile; fileRef = 3236E6341B529B8900701D27 /* FMDatabasePool.m */; };
		3236E63D1B529B8900701D27 /* FMDatabaseQueue.m in Sources */ = {isa = PBXBuildFile; fileRef = 3236E6361B529B8900701D27 /* FMDatabaseQueue.m */; };
		3236E63E1B529B8900701D27 /* FMResultSet.m in Sources */ = {isa = PBXBuildFile; fileRef = 3236E6391B529B8900701D27 /* FMResultSet.m */; };
		3236E6401B529D2F00701D27 /* libsqlite3.0.dylib in Frameworks */ = {isa = PBXBuildFile; fileRef = 3236E63F1B529D2F00701D27 /* libsqlite3.0.dylib */; };
		3236E6421B529E3000701D27 /* DatabaseLoader.swift in Sources */ = {isa = PBXBuildFile; fileRef = 3236E6411B529E3000701D27 /* DatabaseLoader.swift */; };
		3236E6441B529EBD00701D27 /* FMDatabaseVariadic.swift in Sources */ = {isa = PBXBuildFile; fileRef = 3236E6431B529EBD00701D27 /* FMDatabaseVariadic.swift */; };
		3236E64D1B52A27B00701D27 /* images in Resources */ = {isa = PBXBuildFile; fileRef = 3236E6481B52A27B00701D27 /* images */; };
		3236E64E1B52A27B00701D27 /* merge12547865245154.txt in Resources */ = {isa = PBXBuildFile; fileRef = 3236E6491B52A27B00701D27 /* merge12547865245154.txt */; };
		3236E64F1B52A27B00701D27 /* Museum Images in Resources */ = {isa = PBXBuildFile; fileRef = 3236E64A1B52A27B00701D27 /* Museum Images */; };
		3236E6511B52A27B00701D27 /* webpages in Resources */ = {isa = PBXBuildFile; fileRef = 3236E64C1B52A27B00701D27 /* webpages */; };
		3241D0C11B6173ED00E21807 /* JLToast.swift in Sources */ = {isa = PBXBuildFile; fileRef = 3241D0BE1B6173ED00E21807 /* JLToast.swift */; };
		3241D0C21B6173ED00E21807 /* JLToastCenter.swift in Sources */ = {isa = PBXBuildFile; fileRef = 3241D0BF1B6173ED00E21807 /* JLToastCenter.swift */; };
		3241D0C31B6173ED00E21807 /* JLToastView.swift in Sources */ = {isa = PBXBuildFile; fileRef = 3241D0C01B6173ED00E21807 /* JLToastView.swift */; };
		32512C6A1B52727C00BC4ADC /* AppDelegate.swift in Sources */ = {isa = PBXBuildFile; fileRef = 32512C691B52727C00BC4ADC /* AppDelegate.swift */; };
		32512C6C1B52727C00BC4ADC /* ViewController.swift in Sources */ = {isa = PBXBuildFile; fileRef = 32512C6B1B52727C00BC4ADC /* ViewController.swift */; };
		32512C6F1B52727C00BC4ADC /* Main.storyboard in Resources */ = {isa = PBXBuildFile; fileRef = 32512C6D1B52727C00BC4ADC /* Main.storyboard */; };
		32512C711B52727C00BC4ADC /* Images.xcassets in Resources */ = {isa = PBXBuildFile; fileRef = 32512C701B52727C00BC4ADC /* Images.xcassets */; };
		32512C741B52727C00BC4ADC /* LaunchScreen.xib in Resources */ = {isa = PBXBuildFile; fileRef = 32512C721B52727C00BC4ADC /* LaunchScreen.xib */; };
		32512C801B52727D00BC4ADC /* Museum_App_iOSTests.swift in Sources */ = {isa = PBXBuildFile; fileRef = 32512C7F1B52727D00BC4ADC /* Museum_App_iOSTests.swift */; };
		32512C8A1B52733000BC4ADC /* BottomButtonContainer.swift in Sources */ = {isa = PBXBuildFile; fileRef = 32512C891B52733000BC4ADC /* BottomButtonContainer.swift */; };
		32512C8C1B52736400BC4ADC /* TopButtonContainer.swift in Sources */ = {isa = PBXBuildFile; fileRef = 32512C8B1B52736400BC4ADC /* TopButtonContainer.swift */; };
		32512C8E1B52738800BC4ADC /* HomeViewController.swift in Sources */ = {isa = PBXBuildFile; fileRef = 32512C8D1B52738800BC4ADC /* HomeViewController.swift */; };
		32512C901B5273B300BC4ADC /* HomePageContentContainer.swift in Sources */ = {isa = PBXBuildFile; fileRef = 32512C8F1B5273B300BC4ADC /* HomePageContentContainer.swift */; };
		325307211B540D8700D04297 /* ButtonType.swift in Sources */ = {isa = PBXBuildFile; fileRef = 325307201B540D8700D04297 /* ButtonType.swift */; };
		325C496A1B6796CB00BBE25F /* AppInfoController.swift in Sources */ = {isa = PBXBuildFile; fileRef = 325C49691B6796CB00BBE25F /* AppInfoController.swift */; };
		325E8D1F1B53BF50004A727F /* QRViewController.swift in Sources */ = {isa = PBXBuildFile; fileRef = 325E8D1E1B53BF50004A727F /* QRViewController.swift */; };
		3260CDFD1B582EA600CEA424 /* TrailStep.swift in Sources */ = {isa = PBXBuildFile; fileRef = 3260CDFC1B582EA600CEA424 /* TrailStep.swift */; };
		3260CDFF1B5833EA00CEA424 /* QuestionManager.swift in Sources */ = {isa = PBXBuildFile; fileRef = 3260CDFE1B5833EA00CEA424 /* QuestionManager.swift */; };
		327CB7D91B62393800801547 /* SingleAnswerController.swift in Sources */ = {isa = PBXBuildFile; fileRef = 327CB7D81B62393800801547 /* SingleAnswerController.swift */; };
		327DDEF31B55179500908F64 /* museumDB in Resources */ = {isa = PBXBuildFile; fileRef = 327DDEF21B55179500908F64 /* museumDB */; };
		327DDEF51B551D2900908F64 /* BugsConentController.swift in Sources */ = {isa = PBXBuildFile; fileRef = 327DDEF41B551D2900908F64 /* BugsConentController.swift */; };
		3285A3B11B5EB75300D18193 /* MultiChoiceController.swift in Sources */ = {isa = PBXBuildFile; fileRef = 3285A3B01B5EB75300D18193 /* MultiChoiceController.swift */; };
		32904CED1B52D068006699A8 /* AquariumContentController.swift in Sources */ = {isa = PBXBuildFile; fileRef = 32904CEC1B52D068006699A8 /* AquariumContentController.swift */; };
		32C77AB81B7922C2006BCE0D /* AncientWorldContentController.swift in Sources */ = {isa = PBXBuildFile; fileRef = 32C77AB71B7922C2006BCE0D /* AncientWorldContentController.swift */; };
		32C77ABA1B79265C006BCE0D /* WorldCulturesContentController.swift in Sources */ = {isa = PBXBuildFile; fileRef = 32C77AB91B79265C006BCE0D /* WorldCulturesContentController.swift */; };
		32CAC7331BA190BE003B65D1 /* DinosaursContentController.swift in Sources */ = {isa = PBXBuildFile; fileRef = 32CAC7321BA190BE003B65D1 /* DinosaursContentController.swift */; };
		32DAA7031B66712A001CD0AD /* PictureQuestionController.swift in Sources */ = {isa = PBXBuildFile; fileRef = 32DAA7021B66712A001CD0AD /* PictureQuestionController.swift */; };
		32DAA7051B667CEC001CD0AD /* PictureMultiChoiceController.swift in Sources */ = {isa = PBXBuildFile; fileRef = 32DAA7041B667CEC001CD0AD /* PictureMultiChoiceController.swift */; };
		32DAA7071B668300001CD0AD /* QuestionResult.swift in Sources */ = {isa = PBXBuildFile; fileRef = 32DAA7061B668300001CD0AD /* QuestionResult.swift */; };
		32DD32461B57C41A00D97C70 /* TrailInfo.swift in Sources */ = {isa = PBXBuildFile; fileRef = 32DD32451B57C41A00D97C70 /* TrailInfo.swift */; };
		32DD32481B57C47B00D97C70 /* TrailType.swift in Sources */ = {isa = PBXBuildFile; fileRef = 32DD32471B57C47B00D97C70 /* TrailType.swift */; };
		32DD324A1B57CCA500D97C70 /* ArtefactInfo.swift in Sources */ = {isa = PBXBuildFile; fileRef = 32DD32491B57CCA500D97C70 /* ArtefactInfo.swift */; };
		32DD324C1B57D16600D97C70 /* TrailStepInfo.swift in Sources */ = {isa = PBXBuildFile; fileRef = 32DD324B1B57D16600D97C70 /* TrailStepInfo.swift */; };
		32DD324E1B57D30000D97C70 /* QuestionType.swift in Sources */ = {isa = PBXBuildFile; fileRef = 32DD324D1B57D30000D97C70 /* QuestionType.swift */; };
		32DD32501B57DA8D00D97C70 /* Modes.swift in Sources */ = {isa = PBXBuildFile; fileRef = 32DD324F1B57DA8D00D97C70 /* Modes.swift */; };
/* End PBXBuildFile section */

/* Begin PBXContainerItemProxy section */
		32512C7A1B52727D00BC4ADC /* PBXContainerItemProxy */ = {
			isa = PBXContainerItemProxy;
			containerPortal = 32512C5C1B52727C00BC4ADC /* Project object */;
			proxyType = 1;
			remoteGlobalIDString = 32512C631B52727C00BC4ADC;
			remoteInfo = "Museum-App-iOS";
		};
/* End PBXContainerItemProxy section */

/* Begin PBXFileReference section */
		320597ED1B55294D0034DF74 /* TrailManager.swift */ = {isa = PBXFileReference; fileEncoding = 4; lastKnownFileType = sourcecode.swift; path = TrailManager.swift; sourceTree = "<group>"; };
		320EE56B1B58478600201663 /* ArtefactImage.swift */ = {isa = PBXFileReference; fileEncoding = 4; lastKnownFileType = sourcecode.swift; path = ArtefactImage.swift; sourceTree = "<group>"; };
		3236E62E1B529B8800701D27 /* Museum-App-iOS-Bridging-Header.h */ = {isa = PBXFileReference; lastKnownFileType = sourcecode.c.h; path = "Museum-App-iOS-Bridging-Header.h"; sourceTree = "<group>"; };
		3236E62F1B529B8900701D27 /* FMDatabase.h */ = {isa = PBXFileReference; fileEncoding = 4; lastKnownFileType = sourcecode.c.h; path = FMDatabase.h; sourceTree = "<group>"; };
		3236E6301B529B8900701D27 /* FMDatabase.m */ = {isa = PBXFileReference; fileEncoding = 4; lastKnownFileType = sourcecode.c.objc; path = FMDatabase.m; sourceTree = "<group>"; };
		3236E6311B529B8900701D27 /* FMDatabaseAdditions.h */ = {isa = PBXFileReference; fileEncoding = 4; lastKnownFileType = sourcecode.c.h; path = FMDatabaseAdditions.h; sourceTree = "<group>"; };
		3236E6321B529B8900701D27 /* FMDatabaseAdditions.m */ = {isa = PBXFileReference; fileEncoding = 4; lastKnownFileType = sourcecode.c.objc; path = FMDatabaseAdditions.m; sourceTree = "<group>"; };
		3236E6331B529B8900701D27 /* FMDatabasePool.h */ = {isa = PBXFileReference; fileEncoding = 4; lastKnownFileType = sourcecode.c.h; path = FMDatabasePool.h; sourceTree = "<group>"; };
		3236E6341B529B8900701D27 /* FMDatabasePool.m */ = {isa = PBXFileReference; fileEncoding = 4; lastKnownFileType = sourcecode.c.objc; path = FMDatabasePool.m; sourceTree = "<group>"; };
		3236E6351B529B8900701D27 /* FMDatabaseQueue.h */ = {isa = PBXFileReference; fileEncoding = 4; lastKnownFileType = sourcecode.c.h; path = FMDatabaseQueue.h; sourceTree = "<group>"; };
		3236E6361B529B8900701D27 /* FMDatabaseQueue.m */ = {isa = PBXFileReference; fileEncoding = 4; lastKnownFileType = sourcecode.c.objc; path = FMDatabaseQueue.m; sourceTree = "<group>"; };
		3236E6371B529B8900701D27 /* FMDB.h */ = {isa = PBXFileReference; fileEncoding = 4; lastKnownFileType = sourcecode.c.h; path = FMDB.h; sourceTree = "<group>"; };
		3236E6381B529B8900701D27 /* FMResultSet.h */ = {isa = PBXFileReference; fileEncoding = 4; lastKnownFileType = sourcecode.c.h; path = FMResultSet.h; sourceTree = "<group>"; };
		3236E6391B529B8900701D27 /* FMResultSet.m */ = {isa = PBXFileReference; fileEncoding = 4; lastKnownFileType = sourcecode.c.objc; path = FMResultSet.m; sourceTree = "<group>"; };
		3236E63F1B529D2F00701D27 /* libsqlite3.0.dylib */ = {isa = PBXFileReference; lastKnownFileType = "compiled.mach-o.dylib"; name = libsqlite3.0.dylib; path = usr/lib/libsqlite3.0.dylib; sourceTree = SDKROOT; };
		3236E6411B529E3000701D27 /* DatabaseLoader.swift */ = {isa = PBXFileReference; fileEncoding = 4; lastKnownFileType = sourcecode.swift; path = DatabaseLoader.swift; sourceTree = "<group>"; };
		3236E6431B529EBD00701D27 /* FMDatabaseVariadic.swift */ = {isa = PBXFileReference; fileEncoding = 4; lastKnownFileType = sourcecode.swift; path = FMDatabaseVariadic.swift; sourceTree = "<group>"; };
		3236E6481B52A27B00701D27 /* images */ = {isa = PBXFileReference; lastKnownFileType = folder; path = images; sourceTree = "<group>"; };
		3236E6491B52A27B00701D27 /* merge12547865245154.txt */ = {isa = PBXFileReference; fileEncoding = 4; lastKnownFileType = text; path = merge12547865245154.txt; sourceTree = "<group>"; };
		3236E64A1B52A27B00701D27 /* Museum Images */ = {isa = PBXFileReference; lastKnownFileType = folder; path = "Museum Images"; sourceTree = "<group>"; };
		3236E64C1B52A27B00701D27 /* webpages */ = {isa = PBXFileReference; lastKnownFileType = folder; path = webpages; sourceTree = "<group>"; };
		3241D0BD1B6173ED00E21807 /* JLToast.h */ = {isa = PBXFileReference; fileEncoding = 4; lastKnownFileType = sourcecode.c.h; path = JLToast.h; sourceTree = "<group>"; };
		3241D0BE1B6173ED00E21807 /* JLToast.swift */ = {isa = PBXFileReference; fileEncoding = 4; lastKnownFileType = sourcecode.swift; path = JLToast.swift; sourceTree = "<group>"; };
		3241D0BF1B6173ED00E21807 /* JLToastCenter.swift */ = {isa = PBXFileReference; fileEncoding = 4; lastKnownFileType = sourcecode.swift; path = JLToastCenter.swift; sourceTree = "<group>"; };
		3241D0C01B6173ED00E21807 /* JLToastView.swift */ = {isa = PBXFileReference; fileEncoding = 4; lastKnownFileType = sourcecode.swift; path = JLToastView.swift; sourceTree = "<group>"; };
		32512C641B52727C00BC4ADC /* Museum-App-iOS.app */ = {isa = PBXFileReference; explicitFileType = wrapper.application; includeInIndex = 0; path = "Museum-App-iOS.app"; sourceTree = BUILT_PRODUCTS_DIR; };
		32512C681B52727C00BC4ADC /* Info.plist */ = {isa = PBXFileReference; lastKnownFileType = text.plist.xml; path = Info.plist; sourceTree = "<group>"; };
		32512C691B52727C00BC4ADC /* AppDelegate.swift */ = {isa = PBXFileReference; lastKnownFileType = sourcecode.swift; path = AppDelegate.swift; sourceTree = "<group>"; };
		32512C6B1B52727C00BC4ADC /* ViewController.swift */ = {isa = PBXFileReference; lastKnownFileType = sourcecode.swift; path = ViewController.swift; sourceTree = "<group>"; };
		32512C6E1B52727C00BC4ADC /* Base */ = {isa = PBXFileReference; lastKnownFileType = file.storyboard; name = Base; path = Base.lproj/Main.storyboard; sourceTree = "<group>"; };
		32512C701B52727C00BC4ADC /* Images.xcassets */ = {isa = PBXFileReference; lastKnownFileType = folder.assetcatalog; path = Images.xcassets; sourceTree = "<group>"; };
		32512C731B52727C00BC4ADC /* Base */ = {isa = PBXFileReference; lastKnownFileType = file.xib; name = Base; path = Base.lproj/LaunchScreen.xib; sourceTree = "<group>"; };
		32512C791B52727D00BC4ADC /* Museum-App-iOSTests.xctest */ = {isa = PBXFileReference; explicitFileType = wrapper.cfbundle; includeInIndex = 0; path = "Museum-App-iOSTests.xctest"; sourceTree = BUILT_PRODUCTS_DIR; };
		32512C7E1B52727D00BC4ADC /* Info.plist */ = {isa = PBXFileReference; lastKnownFileType = text.plist.xml; path = Info.plist; sourceTree = "<group>"; };
		32512C7F1B52727D00BC4ADC /* Museum_App_iOSTests.swift */ = {isa = PBXFileReference; lastKnownFileType = sourcecode.swift; path = Museum_App_iOSTests.swift; sourceTree = "<group>"; };
		32512C891B52733000BC4ADC /* BottomButtonContainer.swift */ = {isa = PBXFileReference; fileEncoding = 4; lastKnownFileType = sourcecode.swift; path = BottomButtonContainer.swift; sourceTree = "<group>"; };
		32512C8B1B52736400BC4ADC /* TopButtonContainer.swift */ = {isa = PBXFileReference; fileEncoding = 4; lastKnownFileType = sourcecode.swift; path = TopButtonContainer.swift; sourceTree = "<group>"; };
		32512C8D1B52738800BC4ADC /* HomeViewController.swift */ = {isa = PBXFileReference; fileEncoding = 4; lastKnownFileType = sourcecode.swift; path = HomeViewController.swift; sourceTree = "<group>"; };
		32512C8F1B5273B300BC4ADC /* HomePageContentContainer.swift */ = {isa = PBXFileReference; fileEncoding = 4; lastKnownFileType = sourcecode.swift; path = HomePageContentContainer.swift; sourceTree = "<group>"; };
		325307201B540D8700D04297 /* ButtonType.swift */ = {isa = PBXFileReference; fileEncoding = 4; lastKnownFileType = sourcecode.swift; path = ButtonType.swift; sourceTree = "<group>"; };
		325C49691B6796CB00BBE25F /* AppInfoController.swift */ = {isa = PBXFileReference; fileEncoding = 4; lastKnownFileType = sourcecode.swift; path = AppInfoController.swift; sourceTree = "<group>"; };
		325E8D1E1B53BF50004A727F /* QRViewController.swift */ = {isa = PBXFileReference; fileEncoding = 4; lastKnownFileType = sourcecode.swift; path = QRViewController.swift; sourceTree = "<group>"; };
		3260CDFC1B582EA600CEA424 /* TrailStep.swift */ = {isa = PBXFileReference; fileEncoding = 4; lastKnownFileType = sourcecode.swift; path = TrailStep.swift; sourceTree = "<group>"; };
		3260CDFE1B5833EA00CEA424 /* QuestionManager.swift */ = {isa = PBXFileReference; fileEncoding = 4; lastKnownFileType = sourcecode.swift; path = QuestionManager.swift; sourceTree = "<group>"; };
		327CB7D81B62393800801547 /* SingleAnswerController.swift */ = {isa = PBXFileReference; fileEncoding = 4; lastKnownFileType = sourcecode.swift; path = SingleAnswerController.swift; sourceTree = "<group>"; };
		327DDEF21B55179500908F64 /* museumDB */ = {isa = PBXFileReference; lastKnownFileType = file; path = museumDB; sourceTree = "<group>"; };
		327DDEF41B551D2900908F64 /* BugsConentController.swift */ = {isa = PBXFileReference; fileEncoding = 4; lastKnownFileType = sourcecode.swift; path = BugsConentController.swift; sourceTree = "<group>"; };
		3285A3B01B5EB75300D18193 /* MultiChoiceController.swift */ = {isa = PBXFileReference; fileEncoding = 4; lastKnownFileType = sourcecode.swift; path = MultiChoiceController.swift; sourceTree = "<group>"; };
		32904CEC1B52D068006699A8 /* AquariumContentController.swift */ = {isa = PBXFileReference; fileEncoding = 4; lastKnownFileType = sourcecode.swift; path = AquariumContentController.swift; sourceTree = "<group>"; };
		32C77AB71B7922C2006BCE0D /* AncientWorldContentController.swift */ = {isa = PBXFileReference; fileEncoding = 4; lastKnownFileType = sourcecode.swift; path = AncientWorldContentController.swift; sourceTree = "<group>"; };
		32C77AB91B79265C006BCE0D /* WorldCulturesContentController.swift */ = {isa = PBXFileReference; fileEncoding = 4; lastKnownFileType = sourcecode.swift; path = WorldCulturesContentController.swift; sourceTree = "<group>"; };
		32CAC7321BA190BE003B65D1 /* DinosaursContentController.swift */ = {isa = PBXFileReference; fileEncoding = 4; lastKnownFileType = sourcecode.swift; path = DinosaursContentController.swift; sourceTree = "<group>"; };
		32DAA7021B66712A001CD0AD /* PictureQuestionController.swift */ = {isa = PBXFileReference; fileEncoding = 4; lastKnownFileType = sourcecode.swift; path = PictureQuestionController.swift; sourceTree = "<group>"; };
		32DAA7041B667CEC001CD0AD /* PictureMultiChoiceController.swift */ = {isa = PBXFileReference; fileEncoding = 4; lastKnownFileType = sourcecode.swift; path = PictureMultiChoiceController.swift; sourceTree = "<group>"; };
		32DAA7061B668300001CD0AD /* QuestionResult.swift */ = {isa = PBXFileReference; fileEncoding = 4; lastKnownFileType = sourcecode.swift; path = QuestionResult.swift; sourceTree = "<group>"; };
		32DD32451B57C41A00D97C70 /* TrailInfo.swift */ = {isa = PBXFileReference; fileEncoding = 4; lastKnownFileType = sourcecode.swift; path = TrailInfo.swift; sourceTree = "<group>"; };
		32DD32471B57C47B00D97C70 /* TrailType.swift */ = {isa = PBXFileReference; fileEncoding = 4; lastKnownFileType = sourcecode.swift; path = TrailType.swift; sourceTree = "<group>"; };
		32DD32491B57CCA500D97C70 /* ArtefactInfo.swift */ = {isa = PBXFileReference; fileEncoding = 4; lastKnownFileType = sourcecode.swift; path = ArtefactInfo.swift; sourceTree = "<group>"; };
		32DD324B1B57D16600D97C70 /* TrailStepInfo.swift */ = {isa = PBXFileReference; fileEncoding = 4; lastKnownFileType = sourcecode.swift; path = TrailStepInfo.swift; sourceTree = "<group>"; };
		32DD324D1B57D30000D97C70 /* QuestionType.swift */ = {isa = PBXFileReference; fileEncoding = 4; lastKnownFileType = sourcecode.swift; path = QuestionType.swift; sourceTree = "<group>"; };
		32DD324F1B57DA8D00D97C70 /* Modes.swift */ = {isa = PBXFileReference; fileEncoding = 4; lastKnownFileType = sourcecode.swift; path = Modes.swift; sourceTree = "<group>"; };
/* End PBXFileReference section */

/* Begin PBXFrameworksBuildPhase section */
		32512C611B52727C00BC4ADC /* Frameworks */ = {
			isa = PBXFrameworksBuildPhase;
			buildActionMask = 2147483647;
			files = (
				3236E6401B529D2F00701D27 /* libsqlite3.0.dylib in Frameworks */,
			);
			runOnlyForDeploymentPostprocessing = 0;
		};
		32512C761B52727D00BC4ADC /* Frameworks */ = {
			isa = PBXFrameworksBuildPhase;
			buildActionMask = 2147483647;
			files = (
			);
			runOnlyForDeploymentPostprocessing = 0;
		};
/* End PBXFrameworksBuildPhase section */

/* Begin PBXGroup section */
		3236E6451B52A1D500701D27 /* Resources */ = {
			isa = PBXGroup;
			children = (
				327DDEF21B55179500908F64 /* museumDB */,
				3236E6481B52A27B00701D27 /* images */,
				3236E6491B52A27B00701D27 /* merge12547865245154.txt */,
				3236E64A1B52A27B00701D27 /* Museum Images */,
				3236E64C1B52A27B00701D27 /* webpages */,
			);
			name = Resources;
			sourceTree = "<group>";
		};
		3236E6471B52A1FD00701D27 /* FMDB */ = {
			isa = PBXGroup;
			children = (
				3236E6431B529EBD00701D27 /* FMDatabaseVariadic.swift */,
				3236E62F1B529B8900701D27 /* FMDatabase.h */,
				3236E6301B529B8900701D27 /* FMDatabase.m */,
				3236E6311B529B8900701D27 /* FMDatabaseAdditions.h */,
				3236E6321B529B8900701D27 /* FMDatabaseAdditions.m */,
				3236E6331B529B8900701D27 /* FMDatabasePool.h */,
				3236E6341B529B8900701D27 /* FMDatabasePool.m */,
				3236E6351B529B8900701D27 /* FMDatabaseQueue.h */,
				3236E6361B529B8900701D27 /* FMDatabaseQueue.m */,
				3236E6371B529B8900701D27 /* FMDB.h */,
				3236E6381B529B8900701D27 /* FMResultSet.h */,
				3236E6391B529B8900701D27 /* FMResultSet.m */,
			);
			name = FMDB;
			sourceTree = "<group>";
		};
		3241D0BC1B6173ED00E21807 /* JLToast */ = {
			isa = PBXGroup;
			children = (
				3241D0BD1B6173ED00E21807 /* JLToast.h */,
				3241D0BE1B6173ED00E21807 /* JLToast.swift */,
				3241D0BF1B6173ED00E21807 /* JLToastCenter.swift */,
				3241D0C01B6173ED00E21807 /* JLToastView.swift */,
			);
			path = JLToast;
			sourceTree = "<group>";
		};
		32512C5B1B52727C00BC4ADC = {
			isa = PBXGroup;
			children = (
				3236E63F1B529D2F00701D27 /* libsqlite3.0.dylib */,
				32512C661B52727C00BC4ADC /* Museum-App-iOS */,
				32512C7C1B52727D00BC4ADC /* Museum-App-iOSTests */,
				32512C651B52727C00BC4ADC /* Products */,
			);
			sourceTree = "<group>";
		};
		32512C651B52727C00BC4ADC /* Products */ = {
			isa = PBXGroup;
			children = (
				32512C641B52727C00BC4ADC /* Museum-App-iOS.app */,
				32512C791B52727D00BC4ADC /* Museum-App-iOSTests.xctest */,
			);
			name = Products;
			sourceTree = "<group>";
		};
		32512C661B52727C00BC4ADC /* Museum-App-iOS */ = {
			isa = PBXGroup;
			children = (
				32512C701B52727C00BC4ADC /* Images.xcassets */,
				32512C671B52727C00BC4ADC /* Supporting Files */,
				3236E6451B52A1D500701D27 /* Resources */,
				3241D0BC1B6173ED00E21807 /* JLToast */,
				3236E6471B52A1FD00701D27 /* FMDB */,
				32C77AB71B7922C2006BCE0D /* AncientWorldContentController.swift */,
				32512C691B52727C00BC4ADC /* AppDelegate.swift */,
				325C49691B6796CB00BBE25F /* AppInfoController.swift */,
				32904CEC1B52D068006699A8 /* AquariumContentController.swift */,
				320EE56B1B58478600201663 /* ArtefactImage.swift */,
				32DD32491B57CCA500D97C70 /* ArtefactInfo.swift */,
				32512C891B52733000BC4ADC /* BottomButtonContainer.swift */,
				327DDEF41B551D2900908F64 /* BugsConentController.swift */,
				325307201B540D8700D04297 /* ButtonType.swift */,
				3236E6411B529E3000701D27 /* DatabaseLoader.swift */,
				32CAC7321BA190BE003B65D1 /* DinosaursContentController.swift */,
				32512C8F1B5273B300BC4ADC /* HomePageContentContainer.swift */,
				32512C8D1B52738800BC4ADC /* HomeViewController.swift */,
				32512C721B52727C00BC4ADC /* LaunchScreen.xib */,
				32512C6D1B52727C00BC4ADC /* Main.storyboard */,
				32DD324F1B57DA8D00D97C70 /* Modes.swift */,
				3285A3B01B5EB75300D18193 /* MultiChoiceController.swift */,
				3236E62E1B529B8800701D27 /* Museum-App-iOS-Bridging-Header.h */,
				32DAA7041B667CEC001CD0AD /* PictureMultiChoiceController.swift */,
				32DAA7021B66712A001CD0AD /* PictureQuestionController.swift */,
				325E8D1E1B53BF50004A727F /* QRViewController.swift */,
				3260CDFE1B5833EA00CEA424 /* QuestionManager.swift */,
				32DAA7061B668300001CD0AD /* QuestionResult.swift */,
				32DD324D1B57D30000D97C70 /* QuestionType.swift */,
				327CB7D81B62393800801547 /* SingleAnswerController.swift */,
				32512C8B1B52736400BC4ADC /* TopButtonContainer.swift */,
				32DD32451B57C41A00D97C70 /* TrailInfo.swift */,
				320597ED1B55294D0034DF74 /* TrailManager.swift */,
				3260CDFC1B582EA600CEA424 /* TrailStep.swift */,
				32DD324B1B57D16600D97C70 /* TrailStepInfo.swift */,
				32DD32471B57C47B00D97C70 /* TrailType.swift */,
				32512C6B1B52727C00BC4ADC /* ViewController.swift */,
				32C77AB91B79265C006BCE0D /* WorldCulturesContentController.swift */,
			);
			path = "Museum-App-iOS";
			sourceTree = "<group>";
		};
		32512C671B52727C00BC4ADC /* Supporting Files */ = {
			isa = PBXGroup;
			children = (
				32512C681B52727C00BC4ADC /* Info.plist */,
			);
			name = "Supporting Files";
			sourceTree = "<group>";
		};
		32512C7C1B52727D00BC4ADC /* Museum-App-iOSTests */ = {
			isa = PBXGroup;
			children = (
				32512C7F1B52727D00BC4ADC /* Museum_App_iOSTests.swift */,
				32512C7D1B52727D00BC4ADC /* Supporting Files */,
			);
			path = "Museum-App-iOSTests";
			sourceTree = "<group>";
		};
		32512C7D1B52727D00BC4ADC /* Supporting Files */ = {
			isa = PBXGroup;
			children = (
				32512C7E1B52727D00BC4ADC /* Info.plist */,
			);
			name = "Supporting Files";
			sourceTree = "<group>";
		};
/* End PBXGroup section */

/* Begin PBXNativeTarget section */
		32512C631B52727C00BC4ADC /* Museum-App-iOS */ = {
			isa = PBXNativeTarget;
			buildConfigurationList = 32512C831B52727D00BC4ADC /* Build configuration list for PBXNativeTarget "Museum-App-iOS" */;
			buildPhases = (
				32512C601B52727C00BC4ADC /* Sources */,
				32512C611B52727C00BC4ADC /* Frameworks */,
				32512C621B52727C00BC4ADC /* Resources */,
			);
			buildRules = (
			);
			dependencies = (
			);
			name = "Museum-App-iOS";
			productName = "Museum-App-iOS";
			productReference = 32512C641B52727C00BC4ADC /* Museum-App-iOS.app */;
			productType = "com.apple.product-type.application";
		};
		32512C781B52727D00BC4ADC /* Museum-App-iOSTests */ = {
			isa = PBXNativeTarget;
			buildConfigurationList = 32512C861B52727D00BC4ADC /* Build configuration list for PBXNativeTarget "Museum-App-iOSTests" */;
			buildPhases = (
				32512C751B52727D00BC4ADC /* Sources */,
				32512C761B52727D00BC4ADC /* Frameworks */,
				32512C771B52727D00BC4ADC /* Resources */,
			);
			buildRules = (
			);
			dependencies = (
				32512C7B1B52727D00BC4ADC /* PBXTargetDependency */,
			);
			name = "Museum-App-iOSTests";
			productName = "Museum-App-iOSTests";
			productReference = 32512C791B52727D00BC4ADC /* Museum-App-iOSTests.xctest */;
			productType = "com.apple.product-type.bundle.unit-test";
		};
/* End PBXNativeTarget section */

/* Begin PBXProject section */
		32512C5C1B52727C00BC4ADC /* Project object */ = {
			isa = PBXProject;
			attributes = {
				LastSwiftMigration = 0700;
				LastSwiftUpdateCheck = 0700;
				LastUpgradeCheck = 0640;
				ORGANIZATIONNAME = "THOMAS NEEDHAM";
				TargetAttributes = {
					32512C631B52727C00BC4ADC = {
						CreatedOnToolsVersion = 6.4;
						SystemCapabilities = {
							com.apple.BackgroundModes = {
								enabled = 0;
							};
							com.apple.Maps.iOS = {
								enabled = 0;
							};
						};
					};
					32512C781B52727D00BC4ADC = {
						CreatedOnToolsVersion = 6.4;
						TestTargetID = 32512C631B52727C00BC4ADC;
					};
				};
			};
			buildConfigurationList = 32512C5F1B52727C00BC4ADC /* Build configuration list for PBXProject "Museum-App-iOS" */;
			compatibilityVersion = "Xcode 3.2";
			developmentRegion = English;
			hasScannedForEncodings = 0;
			knownRegions = (
				en,
				Base,
			);
			mainGroup = 32512C5B1B52727C00BC4ADC;
			productRefGroup = 32512C651B52727C00BC4ADC /* Products */;
			projectDirPath = "";
			projectRoot = "";
			targets = (
				32512C631B52727C00BC4ADC /* Museum-App-iOS */,
				32512C781B52727D00BC4ADC /* Museum-App-iOSTests */,
			);
		};
/* End PBXProject section */

/* Begin PBXResourcesBuildPhase section */
		32512C621B52727C00BC4ADC /* Resources */ = {
			isa = PBXResourcesBuildPhase;
			buildActionMask = 2147483647;
			files = (
				3236E64E1B52A27B00701D27 /* merge12547865245154.txt in Resources */,
				3236E64F1B52A27B00701D27 /* Museum Images in Resources */,
				327DDEF31B55179500908F64 /* museumDB in Resources */,
				3236E64D1B52A27B00701D27 /* images in Resources */,
				32512C6F1B52727C00BC4ADC /* Main.storyboard in Resources */,
				32512C741B52727C00BC4ADC /* LaunchScreen.xib in Resources */,
				3236E6511B52A27B00701D27 /* webpages in Resources */,
				32512C711B52727C00BC4ADC /* Images.xcassets in Resources */,
			);
			runOnlyForDeploymentPostprocessing = 0;
		};
		32512C771B52727D00BC4ADC /* Resources */ = {
			isa = PBXResourcesBuildPhase;
			buildActionMask = 2147483647;
			files = (
			);
			runOnlyForDeploymentPostprocessing = 0;
		};
/* End PBXResourcesBuildPhase section */

/* Begin PBXSourcesBuildPhase section */
		32512C601B52727C00BC4ADC /* Sources */ = {
			isa = PBXSourcesBuildPhase;
			buildActionMask = 2147483647;
			files = (
				32DD324C1B57D16600D97C70 /* TrailStepInfo.swift in Sources */,
				32DD32481B57C47B00D97C70 /* TrailType.swift in Sources */,
				32904CED1B52D068006699A8 /* AquariumContentController.swift in Sources */,
				32DAA7051B667CEC001CD0AD /* PictureMultiChoiceController.swift in Sources */,
				32C77AB81B7922C2006BCE0D /* AncientWorldContentController.swift in Sources */,
				32C77ABA1B79265C006BCE0D /* WorldCulturesContentController.swift in Sources */,
				32512C8E1B52738800BC4ADC /* HomeViewController.swift in Sources */,
				3241D0C11B6173ED00E21807 /* JLToast.swift in Sources */,
				3236E6441B529EBD00701D27 /* FMDatabaseVariadic.swift in Sources */,
				32512C6C1B52727C00BC4ADC /* ViewController.swift in Sources */,
				32DD32501B57DA8D00D97C70 /* Modes.swift in Sources */,
				3241D0C21B6173ED00E21807 /* JLToastCenter.swift in Sources */,
				32CAC7331BA190BE003B65D1 /* DinosaursContentController.swift in Sources */,
				32512C8C1B52736400BC4ADC /* TopButtonContainer.swift in Sources */,
				3285A3B11B5EB75300D18193 /* MultiChoiceController.swift in Sources */,
				3236E6421B529E3000701D27 /* DatabaseLoader.swift in Sources */,
				3236E63A1B529B8900701D27 /* FMDatabase.m in Sources */,
				327CB7D91B62393800801547 /* SingleAnswerController.swift in Sources */,
				3236E63C1B529B8900701D27 /* FMDatabasePool.m in Sources */,
				3236E63D1B529B8900701D27 /* FMDatabaseQueue.m in Sources */,
				32DAA7031B66712A001CD0AD /* PictureQuestionController.swift in Sources */,
				320EE56C1B58478600201663 /* ArtefactImage.swift in Sources */,
				325307211B540D8700D04297 /* ButtonType.swift in Sources */,
				32DD324E1B57D30000D97C70 /* QuestionType.swift in Sources */,
				32DD32461B57C41A00D97C70 /* TrailInfo.swift in Sources */,
				3260CDFD1B582EA600CEA424 /* TrailStep.swift in Sources */,
				325C496A1B6796CB00BBE25F /* AppInfoController.swift in Sources */,
				32512C6A1B52727C00BC4ADC /* AppDelegate.swift in Sources */,
				32512C8A1B52733000BC4ADC /* BottomButtonContainer.swift in Sources */,
				3241D0C31B6173ED00E21807 /* JLToastView.swift in Sources */,
				320597EE1B55294D0034DF74 /* TrailManager.swift in Sources */,
				3260CDFF1B5833EA00CEA424 /* QuestionManager.swift in Sources */,
				325E8D1F1B53BF50004A727F /* QRViewController.swift in Sources */,
				3236E63E1B529B8900701D27 /* FMResultSet.m in Sources */,
				32512C901B5273B300BC4ADC /* HomePageContentContainer.swift in Sources */,
				32DAA7071B668300001CD0AD /* QuestionResult.swift in Sources */,
				327DDEF51B551D2900908F64 /* BugsConentController.swift in Sources */,
				3236E63B1B529B8900701D27 /* FMDatabaseAdditions.m in Sources */,
				32DD324A1B57CCA500D97C70 /* ArtefactInfo.swift in Sources */,
			);
			runOnlyForDeploymentPostprocessing = 0;
		};
		32512C751B52727D00BC4ADC /* Sources */ = {
			isa = PBXSourcesBuildPhase;
			buildActionMask = 2147483647;
			files = (
				32512C801B52727D00BC4ADC /* Museum_App_iOSTests.swift in Sources */,
			);
			runOnlyForDeploymentPostprocessing = 0;
		};
/* End PBXSourcesBuildPhase section */

/* Begin PBXTargetDependency section */
		32512C7B1B52727D00BC4ADC /* PBXTargetDependency */ = {
			isa = PBXTargetDependency;
			target = 32512C631B52727C00BC4ADC /* Museum-App-iOS */;
			targetProxy = 32512C7A1B52727D00BC4ADC /* PBXContainerItemProxy */;
		};
/* End PBXTargetDependency section */

/* Begin PBXVariantGroup section */
		32512C6D1B52727C00BC4ADC /* Main.storyboard */ = {
			isa = PBXVariantGroup;
			children = (
				32512C6E1B52727C00BC4ADC /* Base */,
			);
			name = Main.storyboard;
			sourceTree = "<group>";
		};
		32512C721B52727C00BC4ADC /* LaunchScreen.xib */ = {
			isa = PBXVariantGroup;
			children = (
				32512C731B52727C00BC4ADC /* Base */,
			);
			name = LaunchScreen.xib;
			sourceTree = "<group>";
		};
/* End PBXVariantGroup section */

/* Begin XCBuildConfiguration section */
		32512C811B52727D00BC4ADC /* Debug */ = {
			isa = XCBuildConfiguration;
			buildSettings = {
				ALWAYS_SEARCH_USER_PATHS = NO;
				CLANG_CXX_LANGUAGE_STANDARD = "gnu++0x";
				CLANG_CXX_LIBRARY = "libc++";
				CLANG_ENABLE_MODULES = YES;
				CLANG_ENABLE_OBJC_ARC = YES;
				CLANG_WARN_BOOL_CONVERSION = YES;
				CLANG_WARN_CONSTANT_CONVERSION = YES;
				CLANG_WARN_DIRECT_OBJC_ISA_USAGE = YES_ERROR;
				CLANG_WARN_EMPTY_BODY = YES;
				CLANG_WARN_ENUM_CONVERSION = YES;
				CLANG_WARN_INT_CONVERSION = YES;
				CLANG_WARN_OBJC_ROOT_CLASS = YES_ERROR;
				CLANG_WARN_UNREACHABLE_CODE = YES;
				CLANG_WARN__DUPLICATE_METHOD_MATCH = YES;
				"CODE_SIGN_IDENTITY[sdk=iphoneos*]" = "iPhone Developer";
				COPY_PHASE_STRIP = NO;
				DEBUG_INFORMATION_FORMAT = "dwarf-with-dsym";
				ENABLE_STRICT_OBJC_MSGSEND = YES;
				GCC_C_LANGUAGE_STANDARD = gnu99;
				GCC_DYNAMIC_NO_PIC = NO;
				GCC_NO_COMMON_BLOCKS = YES;
				GCC_OPTIMIZATION_LEVEL = 0;
				GCC_PREPROCESSOR_DEFINITIONS = (
					"DEBUG=1",
					"$(inherited)",
				);
				GCC_SYMBOLS_PRIVATE_EXTERN = NO;
				GCC_WARN_64_TO_32_BIT_CONVERSION = YES;
				GCC_WARN_ABOUT_RETURN_TYPE = YES_ERROR;
				GCC_WARN_UNDECLARED_SELECTOR = YES;
				GCC_WARN_UNINITIALIZED_AUTOS = YES_AGGRESSIVE;
				GCC_WARN_UNUSED_FUNCTION = YES;
				GCC_WARN_UNUSED_VARIABLE = YES;
				IPHONEOS_DEPLOYMENT_TARGET = 8.4;
				MTL_ENABLE_DEBUG_INFO = YES;
				ONLY_ACTIVE_ARCH = YES;
				SDKROOT = iphoneos;
				SWIFT_OPTIMIZATION_LEVEL = "-Onone";
			};
			name = Debug;
		};
		32512C821B52727D00BC4ADC /* Release */ = {
			isa = XCBuildConfiguration;
			buildSettings = {
				ALWAYS_SEARCH_USER_PATHS = NO;
				CLANG_CXX_LANGUAGE_STANDARD = "gnu++0x";
				CLANG_CXX_LIBRARY = "libc++";
				CLANG_ENABLE_MODULES = YES;
				CLANG_ENABLE_OBJC_ARC = YES;
				CLANG_WARN_BOOL_CONVERSION = YES;
				CLANG_WARN_CONSTANT_CONVERSION = YES;
				CLANG_WARN_DIRECT_OBJC_ISA_USAGE = YES_ERROR;
				CLANG_WARN_EMPTY_BODY = YES;
				CLANG_WARN_ENUM_CONVERSION = YES;
				CLANG_WARN_INT_CONVERSION = YES;
				CLANG_WARN_OBJC_ROOT_CLASS = YES_ERROR;
				CLANG_WARN_UNREACHABLE_CODE = YES;
				CLANG_WARN__DUPLICATE_METHOD_MATCH = YES;
				"CODE_SIGN_IDENTITY[sdk=iphoneos*]" = "iPhone Developer";
				COPY_PHASE_STRIP = NO;
				DEBUG_INFORMATION_FORMAT = "dwarf-with-dsym";
				ENABLE_NS_ASSERTIONS = NO;
				ENABLE_STRICT_OBJC_MSGSEND = YES;
				GCC_C_LANGUAGE_STANDARD = gnu99;
				GCC_NO_COMMON_BLOCKS = YES;
				GCC_WARN_64_TO_32_BIT_CONVERSION = YES;
				GCC_WARN_ABOUT_RETURN_TYPE = YES_ERROR;
				GCC_WARN_UNDECLARED_SELECTOR = YES;
				GCC_WARN_UNINITIALIZED_AUTOS = YES_AGGRESSIVE;
				GCC_WARN_UNUSED_FUNCTION = YES;
				GCC_WARN_UNUSED_VARIABLE = YES;
				IPHONEOS_DEPLOYMENT_TARGET = 8.4;
				MTL_ENABLE_DEBUG_INFO = NO;
				SDKROOT = iphoneos;
				VALIDATE_PRODUCT = YES;
			};
			name = Release;
		};
		32512C841B52727D00BC4ADC /* Debug */ = {
			isa = XCBuildConfiguration;
			buildSettings = {
				ASSETCATALOG_COMPILER_APPICON_NAME = AppIcon;
				ASSETCATALOG_COMPILER_LAUNCHIMAGE_NAME = LaunchImage;
				CLANG_ENABLE_MODULES = YES;
				INFOPLIST_FILE = "Museum-App-iOS/Info.plist";
				LD_RUNPATH_SEARCH_PATHS = "$(inherited) @executable_path/Frameworks";
				PRODUCT_NAME = "$(TARGET_NAME)";
				SWIFT_OBJC_BRIDGING_HEADER = "Museum-App-iOS/Museum-App-iOS-Bridging-Header.h";
				SWIFT_OPTIMIZATION_LEVEL = "-Onone";
			};
			name = Debug;
		};
		32512C851B52727D00BC4ADC /* Release */ = {
			isa = XCBuildConfiguration;
			buildSettings = {
				ASSETCATALOG_COMPILER_APPICON_NAME = AppIcon;
				ASSETCATALOG_COMPILER_LAUNCHIMAGE_NAME = LaunchImage;
				CLANG_ENABLE_MODULES = YES;
				INFOPLIST_FILE = "Museum-App-iOS/Info.plist";
				LD_RUNPATH_SEARCH_PATHS = "$(inherited) @executable_path/Frameworks";
				PRODUCT_NAME = "$(TARGET_NAME)";
				SWIFT_OBJC_BRIDGING_HEADER = "Museum-App-iOS/Museum-App-iOS-Bridging-Header.h";
			};
			name = Release;
		};
		32512C871B52727D00BC4ADC /* Debug */ = {
			isa = XCBuildConfiguration;
			buildSettings = {
				BUNDLE_LOADER = "$(TEST_HOST)";
				FRAMEWORK_SEARCH_PATHS = (
					"$(SDKROOT)/Developer/Library/Frameworks",
					"$(inherited)",
				);
				GCC_PREPROCESSOR_DEFINITIONS = (
					"DEBUG=1",
					"$(inherited)",
				);
				INFOPLIST_FILE = "Museum-App-iOSTests/Info.plist";
				LD_RUNPATH_SEARCH_PATHS = "$(inherited) @executable_path/Frameworks @loader_path/Frameworks";
				PRODUCT_NAME = "$(TARGET_NAME)";
				TEST_HOST = "$(BUILT_PRODUCTS_DIR)/Museum-App-iOS.app/Museum-App-iOS";
			};
			name = Debug;
		};
		32512C881B52727D00BC4ADC /* Release */ = {
			isa = XCBuildConfiguration;
			buildSettings = {
				BUNDLE_LOADER = "$(TEST_HOST)";
				FRAMEWORK_SEARCH_PATHS = (
					"$(SDKROOT)/Developer/Library/Frameworks",
					"$(inherited)",
				);
				INFOPLIST_FILE = "Museum-App-iOSTests/Info.plist";
				LD_RUNPATH_SEARCH_PATHS = "$(inherited) @executable_path/Frameworks @loader_path/Frameworks";
				PRODUCT_NAME = "$(TARGET_NAME)";
				TEST_HOST = "$(BUILT_PRODUCTS_DIR)/Museum-App-iOS.app/Museum-App-iOS";
			};
			name = Release;
		};
/* End XCBuildConfiguration section */

/* Begin XCConfigurationList section */
		32512C5F1B52727C00BC4ADC /* Build configuration list for PBXProject "Museum-App-iOS" */ = {
			isa = XCConfigurationList;
			buildConfigurations = (
				32512C811B52727D00BC4ADC /* Debug */,
				32512C821B52727D00BC4ADC /* Release */,
			);
			defaultConfigurationIsVisible = 0;
			defaultConfigurationName = Release;
		};
		32512C831B52727D00BC4ADC /* Build configuration list for PBXNativeTarget "Museum-App-iOS" */ = {
			isa = XCConfigurationList;
			buildConfigurations = (
				32512C841B52727D00BC4ADC /* Debug */,
				32512C851B52727D00BC4ADC /* Release */,
			);
			defaultConfigurationIsVisible = 0;
			defaultConfigurationName = Release;
		};
		32512C861B52727D00BC4ADC /* Build configuration list for PBXNativeTarget "Museum-App-iOSTests" */ = {
			isa = XCConfigurationList;
			buildConfigurations = (
				32512C871B52727D00BC4ADC /* Debug */,
				32512C881B52727D00BC4ADC /* Release */,
			);
			defaultConfigurationIsVisible = 0;
			defaultConfigurationName = Release;
		};
/* End XCConfigurationList section */
	};
	rootObject = 32512C5C1B52727C00BC4ADC /* Project object */;
}
